
Microsoft Visual Studio Solution File, Format Version 12.00
# Visual Studio Version 17
VisualStudioVersion = 17.3.32929.385
MinimumVisualStudioVersion = 10.0.40219.1
Project("{8BC9CEB8-8B4A-11D0-8D11-00A0C91BC942}") = "Quest", "Quest\Quest.vcxproj", "{393FA2C8-7949-42CE-8E80-7E499EF9E3AD}"
EndProject
Global
	GlobalSection(SolutionConfigurationPlatforms) = preSolution
		Debug|x64 = Debug|x64
		Debug|x86 = Debug|x86
		Release|x64 = Release|x64
		Release|x86 = Release|x86
	EndGlobalSection
	GlobalSection(ProjectConfigurationPlatforms) = postSolution
		{393FA2C8-7949-42CE-8E80-7E499EF9E3AD}.Debug|x64.ActiveCfg = Debug|x64
		{393FA2C8-7949-42CE-8E80-7E499EF9E3AD}.Debug|x64.Build.0 = Debug|x64
		{393FA2C8-7949-42CE-8E80-7E499EF9E3AD}.Debug|x86.ActiveCfg = Debug|Win32
		{393FA2C8-7949-42CE-8E80-7E499EF9E3AD}.Debug|x86.Build.0 = Debug|Win32
		{393FA2C8-7949-42CE-8E80-7E499EF9E3AD}.Release|x64.ActiveCfg = Release|x64
		{393FA2C8-7949-42CE-8E80-7E499EF9E3AD}.Release|x64.Build.0 = Release|x64
		{393FA2C8-7949-42CE-8E80-7E499EF9E3AD}.Release|x86.ActiveCfg = Release|Win32
		{393FA2C8-7949-42CE-8E80-7E499EF9E3AD}.Release|x86.Build.0 = Release|Win32
	EndGlobalSection
	GlobalSection(SolutionProperties) = preSolution
		HideSolutionNode = FALSE
	EndGlobalSection
	GlobalSection(ExtensibilityGlobals) = postSolution
		SolutionGuid = {3289398B-5865-4C74-B6A8-AB98E639A022}
	EndGlobalSection
EndGlobal
